
Microsoft Visual Studio Solution File, Format Version 12.00
# Visual Studio 15
VisualStudioVersion = 15.0.28307.271
MinimumVisualStudioVersion = 10.0.40219.1
Project("{9A19103F-16F7-4668-BE54-9A1E7A4F7556}") = "Roulett", "MonteCristo\Roulett.csproj", "{492AE74D-D944-49A8-90F9-60D4D78685A5}"
EndProject
Project("{FAE04EC0-301F-11D3-BF4B-00C04F79EFBC}") = "Monte_Cristo", "WindowsFormsApp1\Monte_Cristo.csproj", "{2C220C1F-B771-477A-BC8E-3CB66495AE58}"
EndProject
Global
	GlobalSection(SolutionConfigurationPlatforms) = preSolution
		Debug|Any CPU = Debug|Any CPU
		Release|Any CPU = Release|Any CPU
	EndGlobalSection
	GlobalSection(ProjectConfigurationPlatforms) = postSolution
		{492AE74D-D944-49A8-90F9-60D4D78685A5}.Debug|Any CPU.ActiveCfg = Debug|Any CPU
		{492AE74D-D944-49A8-90F9-60D4D78685A5}.Debug|Any CPU.Build.0 = Debug|Any CPU
		{492AE74D-D944-49A8-90F9-60D4D78685A5}.Release|Any CPU.ActiveCfg = Release|Any CPU
		{492AE74D-D944-49A8-90F9-60D4D78685A5}.Release|Any CPU.Build.0 = Release|Any CPU
		{2C220C1F-B771-477A-BC8E-3CB66495AE58}.Debug|Any CPU.ActiveCfg = Debug|Any CPU
		{2C220C1F-B771-477A-BC8E-3CB66495AE58}.Debug|Any CPU.Build.0 = Debug|Any CPU
		{2C220C1F-B771-477A-BC8E-3CB66495AE58}.Release|Any CPU.ActiveCfg = Release|Any CPU
		{2C220C1F-B771-477A-BC8E-3CB66495AE58}.Release|Any CPU.Build.0 = Release|Any CPU
	EndGlobalSection
	GlobalSection(SolutionProperties) = preSolution
		HideSolutionNode = FALSE
	EndGlobalSection
	GlobalSection(ExtensibilityGlobals) = postSolution
		SolutionGuid = {A9D447D5-0006-4C6C-81A2-2C60B2C6B583}
	EndGlobalSection
EndGlobal
